
Microsoft Visual Studio Solution File, Format Version 12.00
# Visual Studio 15
VisualStudioVersion = 15.0.26020.0
MinimumVisualStudioVersion = 10.0.40219.1
Project("{FAE04EC0-301F-11D3-BF4B-00C04F79EFBC}") = "QuasarLight.UI", "QuasarLight.UI\QuasarLight.UI.csproj", "{CB45EA67-2903-4FD4-83B8-FB77B716215A}"
	ProjectSection(ProjectDependencies) = postProject
		{947EFA9E-B432-4EF5-9FB6-C524D1DFC2A1} = {947EFA9E-B432-4EF5-9FB6-C524D1DFC2A1}
	EndProjectSection
EndProject
Project("{FAE04EC0-301F-11D3-BF4B-00C04F79EFBC}") = "QuasarLight.Domain", "QuasarLight.Domain\QuasarLight.Domain.csproj", "{947EFA9E-B432-4EF5-9FB6-C524D1DFC2A1}"
EndProject
Project("{2150E333-8FDC-42A3-9474-1A3956D46DE8}") = "QuasarLight.Data", "QuasarLight.Data", "{2359EFB0-53F0-47DD-AD30-1D2BE5F62A22}"
EndProject
Project("{FAE04EC0-301F-11D3-BF4B-00C04F79EFBC}") = "QuasarLight.Data.Model", "QuasarLight.Data.Model\QuasarLight.Data.Model.csproj", "{DB00164C-94BC-465F-B713-5D85AEBC7296}"
EndProject
Global
	GlobalSection(SolutionConfigurationPlatforms) = preSolution
		Debug|Any CPU = Debug|Any CPU
		Debug|x64 = Debug|x64
		Debug|x86 = Debug|x86
		Release|Any CPU = Release|Any CPU
		Release|x64 = Release|x64
		Release|x86 = Release|x86
	EndGlobalSection
	GlobalSection(ProjectConfigurationPlatforms) = postSolution
		{CB45EA67-2903-4FD4-83B8-FB77B716215A}.Debug|Any CPU.ActiveCfg = Debug|Any CPU
		{CB45EA67-2903-4FD4-83B8-FB77B716215A}.Debug|Any CPU.Build.0 = Debug|Any CPU
		{CB45EA67-2903-4FD4-83B8-FB77B716215A}.Debug|x64.ActiveCfg = Debug|Any CPU
		{CB45EA67-2903-4FD4-83B8-FB77B716215A}.Debug|x64.Build.0 = Debug|Any CPU
		{CB45EA67-2903-4FD4-83B8-FB77B716215A}.Debug|x86.ActiveCfg = Debug|Any CPU
		{CB45EA67-2903-4FD4-83B8-FB77B716215A}.Debug|x86.Build.0 = Debug|Any CPU
		{CB45EA67-2903-4FD4-83B8-FB77B716215A}.Release|Any CPU.ActiveCfg = Release|Any CPU
		{CB45EA67-2903-4FD4-83B8-FB77B716215A}.Release|Any CPU.Build.0 = Release|Any CPU
		{CB45EA67-2903-4FD4-83B8-FB77B716215A}.Release|x64.ActiveCfg = Release|Any CPU
		{CB45EA67-2903-4FD4-83B8-FB77B716215A}.Release|x64.Build.0 = Release|Any CPU
		{CB45EA67-2903-4FD4-83B8-FB77B716215A}.Release|x86.ActiveCfg = Release|Any CPU
		{CB45EA67-2903-4FD4-83B8-FB77B716215A}.Release|x86.Build.0 = Release|Any CPU
		{947EFA9E-B432-4EF5-9FB6-C524D1DFC2A1}.Debug|Any CPU.ActiveCfg = Debug|Any CPU
		{947EFA9E-B432-4EF5-9FB6-C524D1DFC2A1}.Debug|Any CPU.Build.0 = Debug|Any CPU
		{947EFA9E-B432-4EF5-9FB6-C524D1DFC2A1}.Debug|x64.ActiveCfg = Debug|Any CPU
		{947EFA9E-B432-4EF5-9FB6-C524D1DFC2A1}.Debug|x64.Build.0 = Debug|Any CPU
		{947EFA9E-B432-4EF5-9FB6-C524D1DFC2A1}.Debug|x86.ActiveCfg = Debug|Any CPU
		{947EFA9E-B432-4EF5-9FB6-C524D1DFC2A1}.Debug|x86.Build.0 = Debug|Any CPU
		{947EFA9E-B432-4EF5-9FB6-C524D1DFC2A1}.Release|Any CPU.ActiveCfg = Release|Any CPU
		{947EFA9E-B432-4EF5-9FB6-C524D1DFC2A1}.Release|Any CPU.Build.0 = Release|Any CPU
		{947EFA9E-B432-4EF5-9FB6-C524D1DFC2A1}.Release|x64.ActiveCfg = Release|Any CPU
		{947EFA9E-B432-4EF5-9FB6-C524D1DFC2A1}.Release|x64.Build.0 = Release|Any CPU
		{947EFA9E-B432-4EF5-9FB6-C524D1DFC2A1}.Release|x86.ActiveCfg = Release|Any CPU
		{947EFA9E-B432-4EF5-9FB6-C524D1DFC2A1}.Release|x86.Build.0 = Release|Any CPU
		{DB00164C-94BC-465F-B713-5D85AEBC7296}.Debug|Any CPU.ActiveCfg = Debug|Any CPU
		{DB00164C-94BC-465F-B713-5D85AEBC7296}.Debug|Any CPU.Build.0 = Debug|Any CPU
		{DB00164C-94BC-465F-B713-5D85AEBC7296}.Debug|x64.ActiveCfg = Debug|Any CPU
		{DB00164C-94BC-465F-B713-5D85AEBC7296}.Debug|x64.Build.0 = Debug|Any CPU
		{DB00164C-94BC-465F-B713-5D85AEBC7296}.Debug|x86.ActiveCfg = Debug|Any CPU
		{DB00164C-94BC-465F-B713-5D85AEBC7296}.Debug|x86.Build.0 = Debug|Any CPU
		{DB00164C-94BC-465F-B713-5D85AEBC7296}.Release|Any CPU.ActiveCfg = Release|Any CPU
		{DB00164C-94BC-465F-B713-5D85AEBC7296}.Release|Any CPU.Build.0 = Release|Any CPU
		{DB00164C-94BC-465F-B713-5D85AEBC7296}.Release|x64.ActiveCfg = Release|Any CPU
		{DB00164C-94BC-465F-B713-5D85AEBC7296}.Release|x64.Build.0 = Release|Any CPU
		{DB00164C-94BC-465F-B713-5D85AEBC7296}.Release|x86.ActiveCfg = Release|Any CPU
		{DB00164C-94BC-465F-B713-5D85AEBC7296}.Release|x86.Build.0 = Release|Any CPU
	EndGlobalSection
	GlobalSection(SolutionProperties) = preSolution
		HideSolutionNode = FALSE
	EndGlobalSection
	GlobalSection(NestedProjects) = preSolution
		{DB00164C-94BC-465F-B713-5D85AEBC7296} = {2359EFB0-53F0-47DD-AD30-1D2BE5F62A22}
	EndGlobalSection
EndGlobal
